
Microsoft Visual Studio Solution File, Format Version 12.00
# Visual Studio 14
VisualStudioVersion = 14.0.25420.1
MinimumVisualStudioVersion = 10.0.40219.1
Project("{FAE04EC0-301F-11D3-BF4B-00C04F79EFBC}") = "SQLLoadTester", "SQLLoadTester\SQLLoadTester.csproj", "{F9C68F6F-4292-41F2-9785-7B0BA2B581EE}"
EndProject
Project("{FAE04EC0-301F-11D3-BF4B-00C04F79EFBC}") = "ThreadRunners", "ThreadRunners\ThreadRunners.csproj", "{E74E02D5-5482-43B4-A510-5FD6C7938817}"
EndProject
Project("{FAE04EC0-301F-11D3-BF4B-00C04F79EFBC}") = "ThreadRunners.Test", "ThreadRunners.Test\ThreadRunners.Test.csproj", "{3C1D9894-9F7E-4216-894F-20F38AD187C5}"
EndProject
Global
	GlobalSection(SolutionConfigurationPlatforms) = preSolution
		Debug|Any CPU = Debug|Any CPU
		Release|Any CPU = Release|Any CPU
	EndGlobalSection
	GlobalSection(ProjectConfigurationPlatforms) = postSolution
		{F9C68F6F-4292-41F2-9785-7B0BA2B581EE}.Debug|Any CPU.ActiveCfg = Debug|Any CPU
		{F9C68F6F-4292-41F2-9785-7B0BA2B581EE}.Debug|Any CPU.Build.0 = Debug|Any CPU
		{F9C68F6F-4292-41F2-9785-7B0BA2B581EE}.Release|Any CPU.ActiveCfg = Release|Any CPU
		{F9C68F6F-4292-41F2-9785-7B0BA2B581EE}.Release|Any CPU.Build.0 = Release|Any CPU
		{E74E02D5-5482-43B4-A510-5FD6C7938817}.Debug|Any CPU.ActiveCfg = Debug|Any CPU
		{E74E02D5-5482-43B4-A510-5FD6C7938817}.Debug|Any CPU.Build.0 = Debug|Any CPU
		{E74E02D5-5482-43B4-A510-5FD6C7938817}.Release|Any CPU.ActiveCfg = Release|Any CPU
		{E74E02D5-5482-43B4-A510-5FD6C7938817}.Release|Any CPU.Build.0 = Release|Any CPU
		{3C1D9894-9F7E-4216-894F-20F38AD187C5}.Debug|Any CPU.ActiveCfg = Debug|Any CPU
		{3C1D9894-9F7E-4216-894F-20F38AD187C5}.Debug|Any CPU.Build.0 = Debug|Any CPU
		{3C1D9894-9F7E-4216-894F-20F38AD187C5}.Release|Any CPU.ActiveCfg = Release|Any CPU
		{3C1D9894-9F7E-4216-894F-20F38AD187C5}.Release|Any CPU.Build.0 = Release|Any CPU
	EndGlobalSection
	GlobalSection(SolutionProperties) = preSolution
		HideSolutionNode = FALSE
	EndGlobalSection
EndGlobal
